
Microsoft Visual Studio Solution File, Format Version 12.00
# Visual Studio 2013
VisualStudioVersion = 12.0.21005.1
MinimumVisualStudioVersion = 10.0.40219.1
Project("{CC5FD16D-436D-48AD-A40C-5A424C6E3E79}") = "MyAzureApp", "MyAzureApp\MyAzureApp.ccproj", "{862B83F2-6C14-47F2-BE3D-6EFFE37359CE}"
EndProject
Project("{FAE04EC0-301F-11D3-BF4B-00C04F79EFBC}") = "WebRole", "WebRole\WebRole.csproj", "{88012B88-1F45-4D83-84B7-69E608F3B081}"
EndProject
Global
	GlobalSection(SolutionConfigurationPlatforms) = preSolution
		Debug|Any CPU = Debug|Any CPU
		Release|Any CPU = Release|Any CPU
	EndGlobalSection
	GlobalSection(ProjectConfigurationPlatforms) = postSolution
		{862B83F2-6C14-47F2-BE3D-6EFFE37359CE}.Debug|Any CPU.ActiveCfg = Debug|Any CPU
		{862B83F2-6C14-47F2-BE3D-6EFFE37359CE}.Debug|Any CPU.Build.0 = Debug|Any CPU
		{862B83F2-6C14-47F2-BE3D-6EFFE37359CE}.Release|Any CPU.ActiveCfg = Release|Any CPU
		{862B83F2-6C14-47F2-BE3D-6EFFE37359CE}.Release|Any CPU.Build.0 = Release|Any CPU
		{88012B88-1F45-4D83-84B7-69E608F3B081}.Debug|Any CPU.ActiveCfg = Debug|Any CPU
		{88012B88-1F45-4D83-84B7-69E608F3B081}.Debug|Any CPU.Build.0 = Debug|Any CPU
		{88012B88-1F45-4D83-84B7-69E608F3B081}.Release|Any CPU.ActiveCfg = Release|Any CPU
		{88012B88-1F45-4D83-84B7-69E608F3B081}.Release|Any CPU.Build.0 = Release|Any CPU
	EndGlobalSection
	GlobalSection(SolutionProperties) = preSolution
		HideSolutionNode = FALSE
	EndGlobalSection
EndGlobal
